PODS:
  - CTMediator (25)
  - RJBModuleBase (0.0.3)

DEPENDENCIES:
  - CTMediator (~> 25)
  - RJBModuleBase (~> 0.0.3)

SPEC CHECKSUMS:
  CTMediator: 830c1fc204b3a6abf2a059510c7380f56343da0f
  RJBModuleBase: d5537bcf57b13fc01679ae6fc647fdf362e92127

PODFILE CHECKSUM: d27a6406d30526163609a31ad773a8d8673c048d

COCOAPODS: 1.4.0
